
Microsoft Visual Studio Solution File, Format Version 12.00
# Visual Studio 15
VisualStudioVersion = 15.0.26730.16
MinimumVisualStudioVersion = 10.0.40219.1
Project("{FAE04EC0-301F-11D3-BF4B-00C04F79EFBC}") = "Biometria1", "Biometria1\Biometria1.csproj", "{F8AA8E3F-CC4D-4F3B-B43B-FD0FF13C3FB0}"
EndProject
Global
	GlobalSection(SolutionConfigurationPlatforms) = preSolution
		Debug|Any CPU = Debug|Any CPU
		Release|Any CPU = Release|Any CPU
	EndGlobalSection
	GlobalSection(ProjectConfigurationPlatforms) = postSolution
		{F8AA8E3F-CC4D-4F3B-B43B-FD0FF13C3FB0}.Debug|Any CPU.ActiveCfg = Debug|Any CPU
		{F8AA8E3F-CC4D-4F3B-B43B-FD0FF13C3FB0}.Debug|Any CPU.Build.0 = Debug|Any CPU
		{F8AA8E3F-CC4D-4F3B-B43B-FD0FF13C3FB0}.Release|Any CPU.ActiveCfg = Release|Any CPU
		{F8AA8E3F-CC4D-4F3B-B43B-FD0FF13C3FB0}.Release|Any CPU.Build.0 = Release|Any CPU
	EndGlobalSection
	GlobalSection(SolutionProperties) = preSolution
		HideSolutionNode = FALSE
	EndGlobalSection
	GlobalSection(ExtensibilityGlobals) = postSolution
		SolutionGuid = {0BF0E8C4-71CB-45A4-8917-A5A7BE27ADED}
	EndGlobalSection
EndGlobal
